// !$*UTF8*$!
{
	archiveVersion = 1;
	classes = {
	};
	objectVersion = 56;
	objects = {

/* Begin PBXBuildFile section */
		55131C542B6E79EC002B8F59 /* AppDelegate.swift in Sources */ = {isa = PBXBuildFile; fileRef = 55131C532B6E79EC002B8F59 /* AppDelegate.swift */; };
		55131C562B6E79EC002B8F59 /* SceneDelegate.swift in Sources */ = {isa = PBXBuildFile; fileRef = 55131C552B6E79EC002B8F59 /* SceneDelegate.swift */; };
		55131C582B6E79EC002B8F59 /* SearchBlankViewController.swift in Sources */ = {isa = PBXBuildFile; fileRef = 55131C572B6E79EC002B8F59 /* SearchBlankViewController.swift */; };
		55131C5B2B6E79EC002B8F59 /* Main.storyboard in Resources */ = {isa = PBXBuildFile; fileRef = 55131C592B6E79EC002B8F59 /* Main.storyboard */; };
		55131C5D2B6E79ED002B8F59 /* Assets.xcassets in Resources */ = {isa = PBXBuildFile; fileRef = 55131C5C2B6E79ED002B8F59 /* Assets.xcassets */; };
		55131C602B6E79ED002B8F59 /* LaunchScreen.storyboard in Resources */ = {isa = PBXBuildFile; fileRef = 55131C5E2B6E79ED002B8F59 /* LaunchScreen.storyboard */; };
		55131C6E2B6E8BA2002B8F59 /* UICollor+Extension.swift in Sources */ = {isa = PBXBuildFile; fileRef = 55131C6D2B6E8BA2002B8F59 /* UICollor+Extension.swift */; };
		55131C712B6EADAE002B8F59 /* SearchViewModel.swift in Sources */ = {isa = PBXBuildFile; fileRef = 55131C702B6EADAE002B8F59 /* SearchViewModel.swift */; };
		55131C7A2B6EAF1F002B8F59 /* Service.swift in Sources */ = {isa = PBXBuildFile; fileRef = 55131C792B6EAF1F002B8F59 /* Service.swift */; };
		55131C7C2B6EAF65002B8F59 /* NetworkHandler.swift in Sources */ = {isa = PBXBuildFile; fileRef = 55131C7B2B6EAF65002B8F59 /* NetworkHandler.swift */; };
		55131C7E2B6EB00C002B8F59 /* ServiceManeger.swift in Sources */ = {isa = PBXBuildFile; fileRef = 55131C7D2B6EB00C002B8F59 /* ServiceManeger.swift */; };
		55131C812B6EB2FF002B8F59 /* WordModel.swift in Sources */ = {isa = PBXBuildFile; fileRef = 55131C802B6EB2FF002B8F59 /* WordModel.swift */; };
		55131C8C2B6EF656002B8F59 /* SearchResultViewController.swift in Sources */ = {isa = PBXBuildFile; fileRef = 55131C8A2B6EF656002B8F59 /* SearchResultViewController.swift */; };
		55131C8F2B6F058F002B8F59 /* SearchResultView.storyboard in Resources */ = {isa = PBXBuildFile; fileRef = 55131C8E2B6F058F002B8F59 /* SearchResultView.storyboard */; };
		55131C912B6F2F84002B8F59 /* SearchResultViewModel.swift in Sources */ = {isa = PBXBuildFile; fileRef = 55131C902B6F2F84002B8F59 /* SearchResultViewModel.swift */; };
		5593F7702B6FC65500AC3326 /* AudioTableViewCell.swift in Sources */ = {isa = PBXBuildFile; fileRef = 5593F76E2B6FC65500AC3326 /* AudioTableViewCell.swift */; };
		5593F7712B6FC65500AC3326 /* AudioTableViewCell.xib in Resources */ = {isa = PBXBuildFile; fileRef = 5593F76F2B6FC65500AC3326 /* AudioTableViewCell.xib */; };
		5593F7752B6FD26400AC3326 /* MeaningTableViewCell.swift in Sources */ = {isa = PBXBuildFile; fileRef = 5593F7732B6FD26400AC3326 /* MeaningTableViewCell.swift */; };
		5593F7762B6FD26400AC3326 /* MeaningTableViewCell.xib in Resources */ = {isa = PBXBuildFile; fileRef = 5593F7742B6FD26400AC3326 /* MeaningTableViewCell.xib */; };
		5593F77A2B6FE38600AC3326 /* BackTableViewCell.swift in Sources */ = {isa = PBXBuildFile; fileRef = 5593F7782B6FE38600AC3326 /* BackTableViewCell.swift */; };
		5593F77B2B6FE38600AC3326 /* BackTableViewCell.xib in Resources */ = {isa = PBXBuildFile; fileRef = 5593F7792B6FE38600AC3326 /* BackTableViewCell.xib */; };
		5593F7802B7011C100AC3326 /* AudioCellViewModel.swift in Sources */ = {isa = PBXBuildFile; fileRef = 5593F77F2B7011C100AC3326 /* AudioCellViewModel.swift */; };
		5593F7842B702A8400AC3326 /* Alert.swift in Sources */ = {isa = PBXBuildFile; fileRef = 5593F7832B702A8400AC3326 /* Alert.swift */; };
		5593F7892B7077D500AC3326 /* MeaningTableViewModel.swift in Sources */ = {isa = PBXBuildFile; fileRef = 5593F7882B7077D500AC3326 /* MeaningTableViewModel.swift */; };
		5593F78B2B707C4300AC3326 /* String+Extension.swift in Sources */ = {isa = PBXBuildFile; fileRef = 5593F78A2B707C4300AC3326 /* String+Extension.swift */; };
		5593F7902B718F3B00AC3326 /* BackCellViewModel.swift in Sources */ = {isa = PBXBuildFile; fileRef = 5593F78F2B718F3B00AC3326 /* BackCellViewModel.swift */; };
		5593F7962B71948200AC3326 /* PurchaseViewController.swift in Sources */ = {isa = PBXBuildFile; fileRef = 5593F7952B71948200AC3326 /* PurchaseViewController.swift */; };
		5593F7982B7194A300AC3326 /* PurchaseView.storyboard in Resources */ = {isa = PBXBuildFile; fileRef = 5593F7972B7194A300AC3326 /* PurchaseView.storyboard */; };
		5593F79A2B71AF5700AC3326 /* UILabel+Extension.swift in Sources */ = {isa = PBXBuildFile; fileRef = 5593F7992B71AF5700AC3326 /* UILabel+Extension.swift */; };
		5593F79C2B71C21200AC3326 /* UIVIew+Extension.swift in Sources */ = {isa = PBXBuildFile; fileRef = 5593F79B2B71C21200AC3326 /* UIVIew+Extension.swift */; };
/* End PBXBuildFile section */

/* Begin PBXFileReference section */
		55131C502B6E79EC002B8F59 /* DictionMaster.app */ = {isa = PBXFileReference; explicitFileType = wrapper.application; includeInIndex = 0; path = DictionMaster.app; sourceTree = BUILT_PRODUCTS_DIR; };
		55131C532B6E79EC002B8F59 /* AppDelegate.swift */ = {isa = PBXFileReference; lastKnownFileType = sourcecode.swift; path = AppDelegate.swift; sourceTree = "<group>"; };
		55131C552B6E79EC002B8F59 /* SceneDelegate.swift */ = {isa = PBXFileReference; lastKnownFileType = sourcecode.swift; path = SceneDelegate.swift; sourceTree = "<group>"; };
		55131C572B6E79EC002B8F59 /* SearchBlankViewController.swift */ = {isa = PBXFileReference; lastKnownFileType = sourcecode.swift; path = SearchBlankViewController.swift; sourceTree = "<group>"; };
		55131C5A2B6E79EC002B8F59 /* Base */ = {isa = PBXFileReference; lastKnownFileType = file.storyboard; name = Base; path = Base.lproj/Main.storyboard; sourceTree = "<group>"; };
		55131C5C2B6E79ED002B8F59 /* Assets.xcassets */ = {isa = PBXFileReference; lastKnownFileType = folder.assetcatalog; path = Assets.xcassets; sourceTree = "<group>"; };
		55131C5F2B6E79ED002B8F59 /* Base */ = {isa = PBXFileReference; lastKnownFileType = file.storyboard; name = Base; path = Base.lproj/LaunchScreen.storyboard; sourceTree = "<group>"; };
		55131C612B6E79ED002B8F59 /* Info.plist */ = {isa = PBXFileReference; lastKnownFileType = text.plist.xml; path = Info.plist; sourceTree = "<group>"; };
		55131C6D2B6E8BA2002B8F59 /* UICollor+Extension.swift */ = {isa = PBXFileReference; lastKnownFileType = sourcecode.swift; path = "UICollor+Extension.swift"; sourceTree = "<group>"; };
		55131C702B6EADAE002B8F59 /* SearchViewModel.swift */ = {isa = PBXFileReference; lastKnownFileType = sourcecode.swift; path = SearchViewModel.swift; sourceTree = "<group>"; };
		55131C792B6EAF1F002B8F59 /* Service.swift */ = {isa = PBXFileReference; lastKnownFileType = sourcecode.swift; path = Service.swift; sourceTree = "<group>"; };
		55131C7B2B6EAF65002B8F59 /* NetworkHandler.swift */ = {isa = PBXFileReference; lastKnownFileType = sourcecode.swift; path = NetworkHandler.swift; sourceTree = "<group>"; };
		55131C7D2B6EB00C002B8F59 /* ServiceManeger.swift */ = {isa = PBXFileReference; lastKnownFileType = sourcecode.swift; path = ServiceManeger.swift; sourceTree = "<group>"; };
		55131C802B6EB2FF002B8F59 /* WordModel.swift */ = {isa = PBXFileReference; lastKnownFileType = sourcecode.swift; path = WordModel.swift; sourceTree = "<group>"; };
		55131C8A2B6EF656002B8F59 /* SearchResultViewController.swift */ = {isa = PBXFileReference; lastKnownFileType = sourcecode.swift; path = SearchResultViewController.swift; sourceTree = "<group>"; };
		55131C8E2B6F058F002B8F59 /* SearchResultView.storyboard */ = {isa = PBXFileReference; lastKnownFileType = file.storyboard; path = SearchResultView.storyboard; sourceTree = "<group>"; };
		55131C902B6F2F84002B8F59 /* SearchResultViewModel.swift */ = {isa = PBXFileReference; lastKnownFileType = sourcecode.swift; path = SearchResultViewModel.swift; sourceTree = "<group>"; };
		5593F76E2B6FC65500AC3326 /* AudioTableViewCell.swift */ = {isa = PBXFileReference; lastKnownFileType = sourcecode.swift; path = AudioTableViewCell.swift; sourceTree = "<group>"; };
		5593F76F2B6FC65500AC3326 /* AudioTableViewCell.xib */ = {isa = PBXFileReference; lastKnownFileType = file.xib; path = AudioTableViewCell.xib; sourceTree = "<group>"; };
		5593F7732B6FD26400AC3326 /* MeaningTableViewCell.swift */ = {isa = PBXFileReference; lastKnownFileType = sourcecode.swift; path = MeaningTableViewCell.swift; sourceTree = "<group>"; };
		5593F7742B6FD26400AC3326 /* MeaningTableViewCell.xib */ = {isa = PBXFileReference; lastKnownFileType = file.xib; path = MeaningTableViewCell.xib; sourceTree = "<group>"; };
		5593F7782B6FE38600AC3326 /* BackTableViewCell.swift */ = {isa = PBXFileReference; lastKnownFileType = sourcecode.swift; path = BackTableViewCell.swift; sourceTree = "<group>"; };
		5593F7792B6FE38600AC3326 /* BackTableViewCell.xib */ = {isa = PBXFileReference; lastKnownFileType = file.xib; path = BackTableViewCell.xib; sourceTree = "<group>"; };
		5593F77F2B7011C100AC3326 /* AudioCellViewModel.swift */ = {isa = PBXFileReference; lastKnownFileType = sourcecode.swift; path = AudioCellViewModel.swift; sourceTree = "<group>"; };
		5593F7832B702A8400AC3326 /* Alert.swift */ = {isa = PBXFileReference; lastKnownFileType = sourcecode.swift; path = Alert.swift; sourceTree = "<group>"; };
		5593F7882B7077D500AC3326 /* MeaningTableViewModel.swift */ = {isa = PBXFileReference; lastKnownFileType = sourcecode.swift; path = MeaningTableViewModel.swift; sourceTree = "<group>"; };
		5593F78A2B707C4300AC3326 /* String+Extension.swift */ = {isa = PBXFileReference; lastKnownFileType = sourcecode.swift; path = "String+Extension.swift"; sourceTree = "<group>"; };
		5593F78F2B718F3B00AC3326 /* BackCellViewModel.swift */ = {isa = PBXFileReference; lastKnownFileType = sourcecode.swift; path = BackCellViewModel.swift; sourceTree = "<group>"; };
		5593F7952B71948200AC3326 /* PurchaseViewController.swift */ = {isa = PBXFileReference; lastKnownFileType = sourcecode.swift; path = PurchaseViewController.swift; sourceTree = "<group>"; };
		5593F7972B7194A300AC3326 /* PurchaseView.storyboard */ = {isa = PBXFileReference; lastKnownFileType = file.storyboard; path = PurchaseView.storyboard; sourceTree = "<group>"; };
		5593F7992B71AF5700AC3326 /* UILabel+Extension.swift */ = {isa = PBXFileReference; lastKnownFileType = sourcecode.swift; path = "UILabel+Extension.swift"; sourceTree = "<group>"; };
		5593F79B2B71C21200AC3326 /* UIVIew+Extension.swift */ = {isa = PBXFileReference; lastKnownFileType = sourcecode.swift; path = "UIVIew+Extension.swift"; sourceTree = "<group>"; };
/* End PBXFileReference section */

/* Begin PBXFrameworksBuildPhase section */
		55131C4D2B6E79EC002B8F59 /* Frameworks */ = {
			isa = PBXFrameworksBuildPhase;
			buildActionMask = 2147483647;
			files = (
			);
			runOnlyForDeploymentPostprocessing = 0;
		};
/* End PBXFrameworksBuildPhase section */

/* Begin PBXGroup section */
		55131C472B6E79EC002B8F59 = {
			isa = PBXGroup;
			children = (
				55131C522B6E79EC002B8F59 /* DictionMaster */,
				55131C512B6E79EC002B8F59 /* Products */,
			);
			sourceTree = "<group>";
		};
		55131C512B6E79EC002B8F59 /* Products */ = {
			isa = PBXGroup;
			children = (
				55131C502B6E79EC002B8F59 /* DictionMaster.app */,
			);
			name = Products;
			sourceTree = "<group>";
		};
		55131C522B6E79EC002B8F59 /* DictionMaster */ = {
			isa = PBXGroup;
			children = (
				55131C6B2B6E85CA002B8F59 /* System */,
				5593F7812B702A1000AC3326 /* Common */,
				55131C6A2B6E85BF002B8F59 /* Splash */,
				55131C672B6E856D002B8F59 /* SearchBlank */,
				55131C862B6EF5F5002B8F59 /* SearchResult */,
				5593F7912B71941D00AC3326 /* Purchase */,
				55131C612B6E79ED002B8F59 /* Info.plist */,
			);
			path = DictionMaster;
			sourceTree = "<group>";
		};
		55131C672B6E856D002B8F59 /* SearchBlank */ = {
			isa = PBXGroup;
			children = (
				55131C6F2B6EAD99002B8F59 /* ViewModel */,
				55131C692B6E85A8002B8F59 /* ViewController */,
				55131C682B6E8586002B8F59 /* View */,
			);
			path = SearchBlank;
			sourceTree = "<group>";
		};
		55131C682B6E8586002B8F59 /* View */ = {
			isa = PBXGroup;
			children = (
				55131C592B6E79EC002B8F59 /* Main.storyboard */,
			);
			path = View;
			sourceTree = "<group>";
		};
		55131C692B6E85A8002B8F59 /* ViewController */ = {
			isa = PBXGroup;
			children = (
				55131C572B6E79EC002B8F59 /* SearchBlankViewController.swift */,
			);
			path = ViewController;
			sourceTree = "<group>";
		};
		55131C6A2B6E85BF002B8F59 /* Splash */ = {
			isa = PBXGroup;
			children = (
				55131C5E2B6E79ED002B8F59 /* LaunchScreen.storyboard */,
			);
			path = Splash;
			sourceTree = "<group>";
		};
		55131C6B2B6E85CA002B8F59 /* System */ = {
			isa = PBXGroup;
			children = (
				55131C532B6E79EC002B8F59 /* AppDelegate.swift */,
				55131C552B6E79EC002B8F59 /* SceneDelegate.swift */,
				55131C5C2B6E79ED002B8F59 /* Assets.xcassets */,
			);
			path = System;
			sourceTree = "<group>";
		};
		55131C6C2B6E8B8C002B8F59 /* Extensions */ = {
			isa = PBXGroup;
			children = (
				55131C6D2B6E8BA2002B8F59 /* UICollor+Extension.swift */,
				5593F78A2B707C4300AC3326 /* String+Extension.swift */,
				5593F7992B71AF5700AC3326 /* UILabel+Extension.swift */,
				5593F79B2B71C21200AC3326 /* UIVIew+Extension.swift */,
			);
			path = Extensions;
			sourceTree = "<group>";
		};
		55131C6F2B6EAD99002B8F59 /* ViewModel */ = {
			isa = PBXGroup;
			children = (
				55131C702B6EADAE002B8F59 /* SearchViewModel.swift */,
			);
			path = ViewModel;
			sourceTree = "<group>";
		};
		55131C722B6EAEAF002B8F59 /* Service */ = {
			isa = PBXGroup;
			children = (
				55131C792B6EAF1F002B8F59 /* Service.swift */,
				55131C7B2B6EAF65002B8F59 /* NetworkHandler.swift */,
				55131C7D2B6EB00C002B8F59 /* ServiceManeger.swift */,
			);
			path = Service;
			sourceTree = "<group>";
		};
		55131C7F2B6EB2F4002B8F59 /* Model */ = {
			isa = PBXGroup;
			children = (
				55131C802B6EB2FF002B8F59 /* WordModel.swift */,
			);
			path = Model;
			sourceTree = "<group>";
		};
		55131C862B6EF5F5002B8F59 /* SearchResult */ = {
			isa = PBXGroup;
			children = (
				5593F76C2B6FC61800AC3326 /* Cells */,
				55131C892B6EF63C002B8F59 /* ViewModel */,
				55131C882B6EF636002B8F59 /* ViewController */,
				55131C872B6EF631002B8F59 /* View */,
			);
			path = SearchResult;
			sourceTree = "<group>";
		};
		55131C872B6EF631002B8F59 /* View */ = {
			isa = PBXGroup;
			children = (
				55131C8E2B6F058F002B8F59 /* SearchResultView.storyboard */,
			);
			path = View;
			sourceTree = "<group>";
		};
		55131C882B6EF636002B8F59 /* ViewController */ = {
			isa = PBXGroup;
			children = (
				55131C8A2B6EF656002B8F59 /* SearchResultViewController.swift */,
			);
			path = ViewController;
			sourceTree = "<group>";
		};
		55131C892B6EF63C002B8F59 /* ViewModel */ = {
			isa = PBXGroup;
			children = (
				55131C902B6F2F84002B8F59 /* SearchResultViewModel.swift */,
			);
			path = ViewModel;
			sourceTree = "<group>";
		};
		5593F76C2B6FC61800AC3326 /* Cells */ = {
			isa = PBXGroup;
			children = (
				5593F76D2B6FC62200AC3326 /* AudioCell */,
				5593F7722B6FD23700AC3326 /* MeaningCell */,
				5593F7772B6FE35700AC3326 /* BackCell */,
			);
			path = Cells;
			sourceTree = "<group>";
		};
		5593F76D2B6FC62200AC3326 /* AudioCell */ = {
			isa = PBXGroup;
			children = (
				5593F77E2B700FB200AC3326 /* ViewModel */,
				5593F77D2B700FAB00AC3326 /* CellController */,
				5593F77C2B700FA700AC3326 /* View */,
			);
			path = AudioCell;
			sourceTree = "<group>";
		};
		5593F7722B6FD23700AC3326 /* MeaningCell */ = {
			isa = PBXGroup;
			children = (
				5593F7872B70774700AC3326 /* ViewModel */,
				5593F7862B70773A00AC3326 /* CellControler */,
				5593F7852B70773400AC3326 /* View */,
			);
			path = MeaningCell;
			sourceTree = "<group>";
		};
		5593F7772B6FE35700AC3326 /* BackCell */ = {
			isa = PBXGroup;
			children = (
				5593F78E2B718F1E00AC3326 /* ViewModel */,
				5593F78D2B718F0B00AC3326 /* CellController */,
				5593F78C2B718F0700AC3326 /* View */,
			);
			path = BackCell;
			sourceTree = "<group>";
		};
		5593F77C2B700FA700AC3326 /* View */ = {
			isa = PBXGroup;
			children = (
				5593F76F2B6FC65500AC3326 /* AudioTableViewCell.xib */,
			);
			path = View;
			sourceTree = "<group>";
		};
		5593F77D2B700FAB00AC3326 /* CellController */ = {
			isa = PBXGroup;
			children = (
				5593F76E2B6FC65500AC3326 /* AudioTableViewCell.swift */,
			);
			path = CellController;
			sourceTree = "<group>";
		};
		5593F77E2B700FB200AC3326 /* ViewModel */ = {
			isa = PBXGroup;
			children = (
				5593F77F2B7011C100AC3326 /* AudioCellViewModel.swift */,
			);
			path = ViewModel;
			sourceTree = "<group>";
		};
		5593F7812B702A1000AC3326 /* Common */ = {
			isa = PBXGroup;
			children = (
				5593F7822B702A7B00AC3326 /* Alert */,
				55131C6C2B6E8B8C002B8F59 /* Extensions */,
				55131C722B6EAEAF002B8F59 /* Service */,
				55131C7F2B6EB2F4002B8F59 /* Model */,
			);
			path = Common;
			sourceTree = "<group>";
		};
		5593F7822B702A7B00AC3326 /* Alert */ = {
			isa = PBXGroup;
			children = (
				5593F7832B702A8400AC3326 /* Alert.swift */,
			);
			path = Alert;
			sourceTree = "<group>";
		};
		5593F7852B70773400AC3326 /* View */ = {
			isa = PBXGroup;
			children = (
				5593F7742B6FD26400AC3326 /* MeaningTableViewCell.xib */,
			);
			path = View;
			sourceTree = "<group>";
		};
		5593F7862B70773A00AC3326 /* CellControler */ = {
			isa = PBXGroup;
			children = (
				5593F7732B6FD26400AC3326 /* MeaningTableViewCell.swift */,
			);
			path = CellControler;
			sourceTree = "<group>";
		};
		5593F7872B70774700AC3326 /* ViewModel */ = {
			isa = PBXGroup;
			children = (
				5593F7882B7077D500AC3326 /* MeaningTableViewModel.swift */,
			);
			path = ViewModel;
			sourceTree = "<group>";
		};
		5593F78C2B718F0700AC3326 /* View */ = {
			isa = PBXGroup;
			children = (
				5593F7792B6FE38600AC3326 /* BackTableViewCell.xib */,
			);
			path = View;
			sourceTree = "<group>";
		};
		5593F78D2B718F0B00AC3326 /* CellController */ = {
			isa = PBXGroup;
			children = (
				5593F7782B6FE38600AC3326 /* BackTableViewCell.swift */,
			);
			path = CellController;
			sourceTree = "<group>";
		};
		5593F78E2B718F1E00AC3326 /* ViewModel */ = {
			isa = PBXGroup;
			children = (
				5593F78F2B718F3B00AC3326 /* BackCellViewModel.swift */,
			);
			path = ViewModel;
			sourceTree = "<group>";
		};
		5593F7912B71941D00AC3326 /* Purchase */ = {
			isa = PBXGroup;
			children = (
				5593F7942B71946700AC3326 /* ViewModel */,
				5593F7932B71943200AC3326 /* ViewController */,
				5593F7922B71942C00AC3326 /* View */,
			);
			path = Purchase;
			sourceTree = "<group>";
		};
		5593F7922B71942C00AC3326 /* View */ = {
			isa = PBXGroup;
			children = (
				5593F7972B7194A300AC3326 /* PurchaseView.storyboard */,
			);
			path = View;
			sourceTree = "<group>";
		};
		5593F7932B71943200AC3326 /* ViewController */ = {
			isa = PBXGroup;
			children = (
				5593F7952B71948200AC3326 /* PurchaseViewController.swift */,
			);
			path = ViewController;
			sourceTree = "<group>";
		};
		5593F7942B71946700AC3326 /* ViewModel */ = {
			isa = PBXGroup;
			children = (
			);
			path = ViewModel;
			sourceTree = "<group>";
		};
/* End PBXGroup section */

/* Begin PBXNativeTarget section */
		55131C4F2B6E79EC002B8F59 /* DictionMaster */ = {
			isa = PBXNativeTarget;
			buildConfigurationList = 55131C642B6E79ED002B8F59 /* Build configuration list for PBXNativeTarget "DictionMaster" */;
			buildPhases = (
				55131C4C2B6E79EC002B8F59 /* Sources */,
				55131C4D2B6E79EC002B8F59 /* Frameworks */,
				55131C4E2B6E79EC002B8F59 /* Resources */,
			);
			buildRules = (
			);
			dependencies = (
			);
			name = DictionMaster;
			productName = DictionMaster;
			productReference = 55131C502B6E79EC002B8F59 /* DictionMaster.app */;
			productType = "com.apple.product-type.application";
		};
/* End PBXNativeTarget section */

/* Begin PBXProject section */
		55131C482B6E79EC002B8F59 /* Project object */ = {
			isa = PBXProject;
			attributes = {
				BuildIndependentTargetsInParallel = 1;
				LastSwiftUpdateCheck = 1520;
				LastUpgradeCheck = 1520;
				TargetAttributes = {
					55131C4F2B6E79EC002B8F59 = {
						CreatedOnToolsVersion = 15.2;
					};
				};
			};
			buildConfigurationList = 55131C4B2B6E79EC002B8F59 /* Build configuration list for PBXProject "DictionMaster" */;
			compatibilityVersion = "Xcode 14.0";
			developmentRegion = en;
			hasScannedForEncodings = 0;
			knownRegions = (
				en,
				Base,
			);
			mainGroup = 55131C472B6E79EC002B8F59;
			productRefGroup = 55131C512B6E79EC002B8F59 /* Products */;
			projectDirPath = "";
			projectRoot = "";
			targets = (
				55131C4F2B6E79EC002B8F59 /* DictionMaster */,
			);
		};
/* End PBXProject section */

/* Begin PBXResourcesBuildPhase section */
		55131C4E2B6E79EC002B8F59 /* Resources */ = {
			isa = PBXResourcesBuildPhase;
			buildActionMask = 2147483647;
			files = (
				5593F77B2B6FE38600AC3326 /* BackTableViewCell.xib in Resources */,
				55131C602B6E79ED002B8F59 /* LaunchScreen.storyboard in Resources */,
				5593F7762B6FD26400AC3326 /* MeaningTableViewCell.xib in Resources */,
				55131C5D2B6E79ED002B8F59 /* Assets.xcassets in Resources */,
				5593F7982B7194A300AC3326 /* PurchaseView.storyboard in Resources */,
				55131C8F2B6F058F002B8F59 /* SearchResultView.storyboard in Resources */,
				55131C5B2B6E79EC002B8F59 /* Main.storyboard in Resources */,
				5593F7712B6FC65500AC3326 /* AudioTableViewCell.xib in Resources */,
			);
			runOnlyForDeploymentPostprocessing = 0;
		};
/* End PBXResourcesBuildPhase section */

/* Begin PBXSourcesBuildPhase section */
		55131C4C2B6E79EC002B8F59 /* Sources */ = {
			isa = PBXSourcesBuildPhase;
			buildActionMask = 2147483647;
			files = (
				5593F7892B7077D500AC3326 /* MeaningTableViewModel.swift in Sources */,
				5593F7752B6FD26400AC3326 /* MeaningTableViewCell.swift in Sources */,
				5593F7802B7011C100AC3326 /* AudioCellViewModel.swift in Sources */,
				55131C6E2B6E8BA2002B8F59 /* UICollor+Extension.swift in Sources */,
				55131C912B6F2F84002B8F59 /* SearchResultViewModel.swift in Sources */,
				5593F7962B71948200AC3326 /* PurchaseViewController.swift in Sources */,
				5593F79C2B71C21200AC3326 /* UIVIew+Extension.swift in Sources */,
				55131C812B6EB2FF002B8F59 /* WordModel.swift in Sources */,
				55131C8C2B6EF656002B8F59 /* SearchResultViewController.swift in Sources */,
				55131C712B6EADAE002B8F59 /* SearchViewModel.swift in Sources */,
				5593F77A2B6FE38600AC3326 /* BackTableViewCell.swift in Sources */,
				5593F7902B718F3B00AC3326 /* BackCellViewModel.swift in Sources */,
				55131C582B6E79EC002B8F59 /* SearchBlankViewController.swift in Sources */,
				5593F78B2B707C4300AC3326 /* String+Extension.swift in Sources */,
				55131C542B6E79EC002B8F59 /* AppDelegate.swift in Sources */,
				55131C562B6E79EC002B8F59 /* SceneDelegate.swift in Sources */,
				5593F7702B6FC65500AC3326 /* AudioTableViewCell.swift in Sources */,
				55131C7A2B6EAF1F002B8F59 /* Service.swift in Sources */,
				5593F79A2B71AF5700AC3326 /* UILabel+Extension.swift in Sources */,
				55131C7C2B6EAF65002B8F59 /* NetworkHandler.swift in Sources */,
				5593F7842B702A8400AC3326 /* Alert.swift in Sources */,
				55131C7E2B6EB00C002B8F59 /* ServiceManeger.swift in Sources */,
			);
			runOnlyForDeploymentPostprocessing = 0;
		};
/* End PBXSourcesBuildPhase section */

/* Begin PBXVariantGroup section */
		55131C592B6E79EC002B8F59 /* Main.storyboard */ = {
			isa = PBXVariantGroup;
			children = (
				55131C5A2B6E79EC002B8F59 /* Base */,
			);
			name = Main.storyboard;
			sourceTree = "<group>";
		};
		55131C5E2B6E79ED002B8F59 /* LaunchScreen.storyboard */ = {
			isa = PBXVariantGroup;
			children = (
				55131C5F2B6E79ED002B8F59 /* Base */,
			);
			name = LaunchScreen.storyboard;
			sourceTree = "<group>";
		};
/* End PBXVariantGroup section */

/* Begin XCBuildConfiguration section */
		55131C622B6E79ED002B8F59 /* Debug */ = {
			isa = XCBuildConfiguration;
			buildSettings = {
				ALWAYS_SEARCH_USER_PATHS = NO;
				ASSETCATALOG_COMPILER_GENERATE_SWIFT_ASSET_SYMBOL_EXTENSIONS = YES;
				CLANG_ANALYZER_NONNULL = YES;
				CLANG_ANALYZER_NUMBER_OBJECT_CONVERSION = YES_AGGRESSIVE;
				CLANG_CXX_LANGUAGE_STANDARD = "gnu++20";
				CLANG_ENABLE_MODULES = YES;
				CLANG_ENABLE_OBJC_ARC = YES;
				CLANG_ENABLE_OBJC_WEAK = YES;
				CLANG_WARN_BLOCK_CAPTURE_AUTORELEASING = YES;
				CLANG_WARN_BOOL_CONVERSION = YES;
				CLANG_WARN_COMMA = YES;
				CLANG_WARN_CONSTANT_CONVERSION = YES;
				CLANG_WARN_DEPRECATED_OBJC_IMPLEMENTATIONS = YES;
				CLANG_WARN_DIRECT_OBJC_ISA_USAGE = YES_ERROR;
				CLANG_WARN_DOCUMENTATION_COMMENTS = YES;
				CLANG_WARN_EMPTY_BODY = YES;
				CLANG_WARN_ENUM_CONVERSION = YES;
				CLANG_WARN_INFINITE_RECURSION = YES;
				CLANG_WARN_INT_CONVERSION = YES;
				CLANG_WARN_NON_LITERAL_NULL_CONVERSION = YES;
				CLANG_WARN_OBJC_IMPLICIT_RETAIN_SELF = YES;
				CLANG_WARN_OBJC_LITERAL_CONVERSION = YES;
				CLANG_WARN_OBJC_ROOT_CLASS = YES_ERROR;
				CLANG_WARN_QUOTED_INCLUDE_IN_FRAMEWORK_HEADER = YES;
				CLANG_WARN_RANGE_LOOP_ANALYSIS = YES;
				CLANG_WARN_STRICT_PROTOTYPES = YES;
				CLANG_WARN_SUSPICIOUS_MOVE = YES;
				CLANG_WARN_UNGUARDED_AVAILABILITY = YES_AGGRESSIVE;
				CLANG_WARN_UNREACHABLE_CODE = YES;
				CLANG_WARN__DUPLICATE_METHOD_MATCH = YES;
				COPY_PHASE_STRIP = NO;
				DEBUG_INFORMATION_FORMAT = dwarf;
				ENABLE_STRICT_OBJC_MSGSEND = YES;
				ENABLE_TESTABILITY = YES;
				ENABLE_USER_SCRIPT_SANDBOXING = YES;
				GCC_C_LANGUAGE_STANDARD = gnu17;
				GCC_DYNAMIC_NO_PIC = NO;
				GCC_NO_COMMON_BLOCKS = YES;
				GCC_OPTIMIZATION_LEVEL = 0;
				GCC_PREPROCESSOR_DEFINITIONS = (
					"DEBUG=1",
					"$(inherited)",
				);
				GCC_WARN_64_TO_32_BIT_CONVERSION = YES;
				GCC_WARN_ABOUT_RETURN_TYPE = YES_ERROR;
				GCC_WARN_UNDECLARED_SELECTOR = YES;
				GCC_WARN_UNINITIALIZED_AUTOS = YES_AGGRESSIVE;
				GCC_WARN_UNUSED_FUNCTION = YES;
				GCC_WARN_UNUSED_VARIABLE = YES;
				IPHONEOS_DEPLOYMENT_TARGET = 17.2;
				LOCALIZATION_PREFERS_STRING_CATALOGS = YES;
				MTL_ENABLE_DEBUG_INFO = INCLUDE_SOURCE;
				MTL_FAST_MATH = YES;
				ONLY_ACTIVE_ARCH = YES;
				SDKROOT = iphoneos;
				SWIFT_ACTIVE_COMPILATION_CONDITIONS = "DEBUG $(inherited)";
				SWIFT_OPTIMIZATION_LEVEL = "-Onone";
			};
			name = Debug;
		};
		55131C632B6E79ED002B8F59 /* Release */ = {
			isa = XCBuildConfiguration;
			buildSettings = {
				ALWAYS_SEARCH_USER_PATHS = NO;
				ASSETCATALOG_COMPILER_GENERATE_SWIFT_ASSET_SYMBOL_EXTENSIONS = YES;
				CLANG_ANALYZER_NONNULL = YES;
				CLANG_ANALYZER_NUMBER_OBJECT_CONVERSION = YES_AGGRESSIVE;
				CLANG_CXX_LANGUAGE_STANDARD = "gnu++20";
				CLANG_ENABLE_MODULES = YES;
				CLANG_ENABLE_OBJC_ARC = YES;
				CLANG_ENABLE_OBJC_WEAK = YES;
				CLANG_WARN_BLOCK_CAPTURE_AUTORELEASING = YES;
				CLANG_WARN_BOOL_CONVERSION = YES;
				CLANG_WARN_COMMA = YES;
				CLANG_WARN_CONSTANT_CONVERSION = YES;
				CLANG_WARN_DEPRECATED_OBJC_IMPLEMENTATIONS = YES;
				CLANG_WARN_DIRECT_OBJC_ISA_USAGE = YES_ERROR;
				CLANG_WARN_DOCUMENTATION_COMMENTS = YES;
				CLANG_WARN_EMPTY_BODY = YES;
				CLANG_WARN_ENUM_CONVERSION = YES;
				CLANG_WARN_INFINITE_RECURSION = YES;
				CLANG_WARN_INT_CONVERSION = YES;
				CLANG_WARN_NON_LITERAL_NULL_CONVERSION = YES;
				CLANG_WARN_OBJC_IMPLICIT_RETAIN_SELF = YES;
				CLANG_WARN_OBJC_LITERAL_CONVERSION = YES;
				CLANG_WARN_OBJC_ROOT_CLASS = YES_ERROR;
				CLANG_WARN_QUOTED_INCLUDE_IN_FRAMEWORK_HEADER = YES;
				CLANG_WARN_RANGE_LOOP_ANALYSIS = YES;
				CLANG_WARN_STRICT_PROTOTYPES = YES;
				CLANG_WARN_SUSPICIOUS_MOVE = YES;
				CLANG_WARN_UNGUARDED_AVAILABILITY = YES_AGGRESSIVE;
				CLANG_WARN_UNREACHABLE_CODE = YES;
				CLANG_WARN__DUPLICATE_METHOD_MATCH = YES;
				COPY_PHASE_STRIP = NO;
				DEBUG_INFORMATION_FORMAT = "dwarf-with-dsym";
				ENABLE_NS_ASSERTIONS = NO;
				ENABLE_STRICT_OBJC_MSGSEND = YES;
				ENABLE_USER_SCRIPT_SANDBOXING = YES;
				GCC_C_LANGUAGE_STANDARD = gnu17;
				GCC_NO_COMMON_BLOCKS = YES;
				GCC_WARN_64_TO_32_BIT_CONVERSION = YES;
				GCC_WARN_ABOUT_RETURN_TYPE = YES_ERROR;
				GCC_WARN_UNDECLARED_SELECTOR = YES;
				GCC_WARN_UNINITIALIZED_AUTOS = YES_AGGRESSIVE;
				GCC_WARN_UNUSED_FUNCTION = YES;
				GCC_WARN_UNUSED_VARIABLE = YES;
				IPHONEOS_DEPLOYMENT_TARGET = 17.2;
				LOCALIZATION_PREFERS_STRING_CATALOGS = YES;
				MTL_ENABLE_DEBUG_INFO = NO;
				MTL_FAST_MATH = YES;
				SDKROOT = iphoneos;
				SWIFT_COMPILATION_MODE = wholemodule;
				VALIDATE_PRODUCT = YES;
			};
			name = Release;
		};
		55131C652B6E79ED002B8F59 /* Debug */ = {
			isa = XCBuildConfiguration;
			buildSettings = {
				ASSETCATALOG_COMPILER_APPICON_NAME = AppIcon;
				ASSETCATALOG_COMPILER_GLOBAL_ACCENT_COLOR_NAME = AccentColor;
				CODE_SIGN_STYLE = Automatic;
				CURRENT_PROJECT_VERSION = 1;
				DEVELOPMENT_TEAM = VM23EZY4K2;
				GENERATE_INFOPLIST_FILE = YES;
				INFOPLIST_FILE = DictionMaster/Info.plist;
				INFOPLIST_KEY_UIApplicationSupportsIndirectInputEvents = YES;
				INFOPLIST_KEY_UILaunchStoryboardName = LaunchScreen;
				INFOPLIST_KEY_UIMainStoryboardFile = Main;
				INFOPLIST_KEY_UISupportedInterfaceOrientations_iPad = "UIInterfaceOrientationPortrait UIInterfaceOrientationPortraitUpsideDown UIInterfaceOrientationLandscapeLeft UIInterfaceOrientationLandscapeRight";
				INFOPLIST_KEY_UISupportedInterfaceOrientations_iPhone = "UIInterfaceOrientationPortrait UIInterfaceOrientationLandscapeLeft UIInterfaceOrientationLandscapeRight";
				LD_RUNPATH_SEARCH_PATHS = (
					"$(inherited)",
					"@executable_path/Frameworks",
				);
				MARKETING_VERSION = 1.0;
				PRODUCT_BUNDLE_IDENTIFIER = lgomeszx.DictionMaster;
				PRODUCT_NAME = "$(TARGET_NAME)";
				SWIFT_EMIT_LOC_STRINGS = YES;
				SWIFT_VERSION = 5.0;
				TARGETED_DEVICE_FAMILY = "1,2";
			};
			name = Debug;
		};
		55131C662B6E79ED002B8F59 /* Release */ = {
			isa = XCBuildConfiguration;
			buildSettings = {
				ASSETCATALOG_COMPILER_APPICON_NAME = AppIcon;
				ASSETCATALOG_COMPILER_GLOBAL_ACCENT_COLOR_NAME = AccentColor;
				CODE_SIGN_STYLE = Automatic;
				CURRENT_PROJECT_VERSION = 1;
				DEVELOPMENT_TEAM = VM23EZY4K2;
				GENERATE_INFOPLIST_FILE = YES;
				INFOPLIST_FILE = DictionMaster/Info.plist;
				INFOPLIST_KEY_UIApplicationSupportsIndirectInputEvents = YES;
				INFOPLIST_KEY_UILaunchStoryboardName = LaunchScreen;
				INFOPLIST_KEY_UIMainStoryboardFile = Main;
				INFOPLIST_KEY_UISupportedInterfaceOrientations_iPad = "UIInterfaceOrientationPortrait UIInterfaceOrientationPortraitUpsideDown UIInterfaceOrientationLandscapeLeft UIInterfaceOrientationLandscapeRight";
				INFOPLIST_KEY_UISupportedInterfaceOrientations_iPhone = "UIInterfaceOrientationPortrait UIInterfaceOrientationLandscapeLeft UIInterfaceOrientationLandscapeRight";
				LD_RUNPATH_SEARCH_PATHS = (
					"$(inherited)",
					"@executable_path/Frameworks",
				);
				MARKETING_VERSION = 1.0;
				PRODUCT_BUNDLE_IDENTIFIER = lgomeszx.DictionMaster;
				PRODUCT_NAME = "$(TARGET_NAME)";
				SWIFT_EMIT_LOC_STRINGS = YES;
				SWIFT_VERSION = 5.0;
				TARGETED_DEVICE_FAMILY = "1,2";
			};
			name = Release;
		};
/* End XCBuildConfiguration section */

/* Begin XCConfigurationList section */
		55131C4B2B6E79EC002B8F59 /* Build configuration list for PBXProject "DictionMaster" */ = {
			isa = XCConfigurationList;
			buildConfigurations = (
				55131C622B6E79ED002B8F59 /* Debug */,
				55131C632B6E79ED002B8F59 /* Release */,
			);
			defaultConfigurationIsVisible = 0;
			defaultConfigurationName = Release;
		};
		55131C642B6E79ED002B8F59 /* Build configuration list for PBXNativeTarget "DictionMaster" */ = {
			isa = XCConfigurationList;
			buildConfigurations = (
				55131C652B6E79ED002B8F59 /* Debug */,
				55131C662B6E79ED002B8F59 /* Release */,
			);
			defaultConfigurationIsVisible = 0;
			defaultConfigurationName = Release;
		};
/* End XCConfigurationList section */
	};
	rootObject = 55131C482B6E79EC002B8F59 /* Project object */;
}
